
Microsoft Visual Studio Solution File, Format Version 12.00
# Visual Studio Version 17
VisualStudioVersion = 17.0.31611.283
MinimumVisualStudioVersion = 10.0.40219.1
Project("{9A19103F-16F7-4668-BE54-9A1E7A4F7556}") = "WorkoutApp", "WorkoutApp\WorkoutApp.csproj", "{65618231-1C05-4BD9-88FE-974517A8B368}"
EndProject
Project("{9A19103F-16F7-4668-BE54-9A1E7A4F7556}") = "WorkoutApp.Core", "WorkoutApp.Core\WorkoutApp.Core.csproj", "{06C11CEE-414E-4B05-B454-AA05A3B90488}"
EndProject
Project("{9A19103F-16F7-4668-BE54-9A1E7A4F7556}") = "UnitTest.WorkoutApp.Core", "UnitTest.WorkoutApp.Core\UnitTest.WorkoutApp.Core.csproj", "{1BDFC5D7-2958-4E41-ADD9-C0754DC50162}"
EndProject
Project("{FAE04EC0-301F-11D3-BF4B-00C04F79EFBC}") = "WorkoutApp.DAL", "WorkoutApp.DAL\WorkoutApp.DAL.csproj", "{8AE76A27-4AFC-4CDE-8300-FBDD7DFE79B3}"
EndProject
Global
	GlobalSection(SolutionConfigurationPlatforms) = preSolution
		Debug|Any CPU = Debug|Any CPU
		Release|Any CPU = Release|Any CPU
	EndGlobalSection
	GlobalSection(ProjectConfigurationPlatforms) = postSolution
		{65618231-1C05-4BD9-88FE-974517A8B368}.Debug|Any CPU.ActiveCfg = Debug|Any CPU
		{65618231-1C05-4BD9-88FE-974517A8B368}.Debug|Any CPU.Build.0 = Debug|Any CPU
		{65618231-1C05-4BD9-88FE-974517A8B368}.Debug|Any CPU.Deploy.0 = Debug|Any CPU
		{65618231-1C05-4BD9-88FE-974517A8B368}.Release|Any CPU.ActiveCfg = Release|Any CPU
		{65618231-1C05-4BD9-88FE-974517A8B368}.Release|Any CPU.Build.0 = Release|Any CPU
		{65618231-1C05-4BD9-88FE-974517A8B368}.Release|Any CPU.Deploy.0 = Release|Any CPU
		{06C11CEE-414E-4B05-B454-AA05A3B90488}.Debug|Any CPU.ActiveCfg = Debug|Any CPU
		{06C11CEE-414E-4B05-B454-AA05A3B90488}.Debug|Any CPU.Build.0 = Debug|Any CPU
		{06C11CEE-414E-4B05-B454-AA05A3B90488}.Release|Any CPU.ActiveCfg = Release|Any CPU
		{06C11CEE-414E-4B05-B454-AA05A3B90488}.Release|Any CPU.Build.0 = Release|Any CPU
		{1BDFC5D7-2958-4E41-ADD9-C0754DC50162}.Debug|Any CPU.ActiveCfg = Debug|Any CPU
		{1BDFC5D7-2958-4E41-ADD9-C0754DC50162}.Debug|Any CPU.Build.0 = Debug|Any CPU
		{1BDFC5D7-2958-4E41-ADD9-C0754DC50162}.Release|Any CPU.ActiveCfg = Release|Any CPU
		{1BDFC5D7-2958-4E41-ADD9-C0754DC50162}.Release|Any CPU.Build.0 = Release|Any CPU
		{8AE76A27-4AFC-4CDE-8300-FBDD7DFE79B3}.Debug|Any CPU.ActiveCfg = Debug|Any CPU
		{8AE76A27-4AFC-4CDE-8300-FBDD7DFE79B3}.Debug|Any CPU.Build.0 = Debug|Any CPU
		{8AE76A27-4AFC-4CDE-8300-FBDD7DFE79B3}.Release|Any CPU.ActiveCfg = Release|Any CPU
		{8AE76A27-4AFC-4CDE-8300-FBDD7DFE79B3}.Release|Any CPU.Build.0 = Release|Any CPU
	EndGlobalSection
	GlobalSection(SolutionProperties) = preSolution
		HideSolutionNode = FALSE
	EndGlobalSection
	GlobalSection(ExtensibilityGlobals) = postSolution
		SolutionGuid = {61F7FB11-1E47-470C-91E2-47F8143E1572}
	EndGlobalSection
EndGlobal
